
Microsoft Visual Studio Solution File, Format Version 12.00
# Visual Studio Version 17
VisualStudioVersion = 17.4.33403.182
MinimumVisualStudioVersion = 10.0.40219.1
Project("{FAE04EC0-301F-11D3-BF4B-00C04F79EFBC}") = "DateLine", "DateLine.csproj", "{139150DC-F312-48B4-B9F8-7D5ABBA6C55D}"
EndProject
Global
	GlobalSection(SolutionConfigurationPlatforms) = preSolution
		Debug|Any CPU = Debug|Any CPU
		Release|Any CPU = Release|Any CPU
	EndGlobalSection
	GlobalSection(ProjectConfigurationPlatforms) = postSolution
		{139150DC-F312-48B4-B9F8-7D5ABBA6C55D}.Debug|Any CPU.ActiveCfg = Debug|Any CPU
		{139150DC-F312-48B4-B9F8-7D5ABBA6C55D}.Debug|Any CPU.Build.0 = Debug|Any CPU
		{139150DC-F312-48B4-B9F8-7D5ABBA6C55D}.Release|Any CPU.ActiveCfg = Release|Any CPU
		{139150DC-F312-48B4-B9F8-7D5ABBA6C55D}.Release|Any CPU.Build.0 = Release|Any CPU
	EndGlobalSection
	GlobalSection(SolutionProperties) = preSolution
		HideSolutionNode = FALSE
	EndGlobalSection
	GlobalSection(ExtensibilityGlobals) = postSolution
		SolutionGuid = {49DB1742-82D6-4BE1-9D8C-8856161EBCC1}
	EndGlobalSection
EndGlobal
